// !$*UTF8*$!
{
	archiveVersion = 1;
	classes = {
	};
	objectVersion = 46;
	objects = {

/* Begin PBXBuildFile section */
		D58502F21CD9E16E0023B285 /* GoodTableViewDataSource.m in Sources */ = {isa = PBXBuildFile; fileRef = D58502F11CD9E16E0023B285 /* GoodTableViewDataSource.m */; };
		D58502F51CD9E86D0023B285 /* GoodBaseTableViewCell.m in Sources */ = {isa = PBXBuildFile; fileRef = D58502F41CD9E86D0023B285 /* GoodBaseTableViewCell.m */; };
		D5BC98821CCFBD7C00482C84 /* GoodTableViewSectionObject.m in Sources */ = {isa = PBXBuildFile; fileRef = D5BC98811CCFBD7C00482C84 /* GoodTableViewSectionObject.m */; };
		D5C8C6541CCCF70D00C6A893 /* GoodTableViewBaseItem.m in Sources */ = {isa = PBXBuildFile; fileRef = D5C8C6531CCCF70D00C6A893 /* GoodTableViewBaseItem.m */; };
		D5DD05851CC5CFCD0063A26F /* main.m in Sources */ = {isa = PBXBuildFile; fileRef = D5DD05841CC5CFCD0063A26F /* main.m */; };
		D5DD05881CC5CFCD0063A26F /* AppDelegate.m in Sources */ = {isa = PBXBuildFile; fileRef = D5DD05871CC5CFCD0063A26F /* AppDelegate.m */; };
		D5DD058B1CC5CFCD0063A26F /* ViewController.m in Sources */ = {isa = PBXBuildFile; fileRef = D5DD058A1CC5CFCD0063A26F /* ViewController.m */; };
		D5DD058E1CC5CFCD0063A26F /* Main.storyboard in Resources */ = {isa = PBXBuildFile; fileRef = D5DD058C1CC5CFCD0063A26F /* Main.storyboard */; };
		D5DD05901CC5CFCD0063A26F /* Assets.xcassets in Resources */ = {isa = PBXBuildFile; fileRef = D5DD058F1CC5CFCD0063A26F /* Assets.xcassets */; };
		D5DD05931CC5CFCD0063A26F /* LaunchScreen.storyboard in Resources */ = {isa = PBXBuildFile; fileRef = D5DD05911CC5CFCD0063A26F /* LaunchScreen.storyboard */; };
		D5DD059E1CC5CFCD0063A26F /* GoodUITableViewTests.m in Sources */ = {isa = PBXBuildFile; fileRef = D5DD059D1CC5CFCD0063A26F /* GoodUITableViewTests.m */; };
		D5DD05A91CC5CFCD0063A26F /* GoodUITableViewUITests.m in Sources */ = {isa = PBXBuildFile; fileRef = D5DD05A81CC5CFCD0063A26F /* GoodUITableViewUITests.m */; };
		D5DD05BB1CC5D8DA0063A26F /* TableViewDataSource.m in Sources */ = {isa = PBXBuildFile; fileRef = D5DD05BA1CC5D8DA0063A26F /* TableViewDataSource.m */; };
		D5DFEF901CDC51070094B4BC /* GoodTableViewController.m in Sources */ = {isa = PBXBuildFile; fileRef = D5DFEF8F1CDC51070094B4BC /* GoodTableViewController.m */; };
		D5DFEF931CDC515B0094B4BC /* GoodBaseTableView.m in Sources */ = {isa = PBXBuildFile; fileRef = D5DFEF921CDC515B0094B4BC /* GoodBaseTableView.m */; };
/* End PBXBuildFile section */

/* Begin PBXContainerItemProxy section */
		D5DD059A1CC5CFCD0063A26F /* PBXContainerItemProxy */ = {
			isa = PBXContainerItemProxy;
			containerPortal = D5DD05781CC5CFCD0063A26F /* Project object */;
			proxyType = 1;
			remoteGlobalIDString = D5DD057F1CC5CFCD0063A26F;
			remoteInfo = GoodUITableView;
		};
		D5DD05A51CC5CFCD0063A26F /* PBXContainerItemProxy */ = {
			isa = PBXContainerItemProxy;
			containerPortal = D5DD05781CC5CFCD0063A26F /* Project object */;
			proxyType = 1;
			remoteGlobalIDString = D5DD057F1CC5CFCD0063A26F;
			remoteInfo = GoodUITableView;
		};
/* End PBXContainerItemProxy section */

/* Begin PBXFileReference section */
		D58502F01CD9E16E0023B285 /* GoodTableViewDataSource.h */ = {isa = PBXFileReference; fileEncoding = 4; lastKnownFileType = sourcecode.c.h; name = GoodTableViewDataSource.h; path = GoodTableViewController/GoodTableViewDataSource.h; sourceTree = "<group>"; };
		D58502F11CD9E16E0023B285 /* GoodTableViewDataSource.m */ = {isa = PBXFileReference; fileEncoding = 4; lastKnownFileType = sourcecode.c.objc; name = GoodTableViewDataSource.m; path = GoodTableViewController/GoodTableViewDataSource.m; sourceTree = "<group>"; };
		D58502F31CD9E86D0023B285 /* GoodBaseTableViewCell.h */ = {isa = PBXFileReference; fileEncoding = 4; lastKnownFileType = sourcecode.c.h; name = GoodBaseTableViewCell.h; path = GoodTableViewController/GoodBaseTableViewCell.h; sourceTree = "<group>"; };
		D58502F41CD9E86D0023B285 /* GoodBaseTableViewCell.m */ = {isa = PBXFileReference; fileEncoding = 4; lastKnownFileType = sourcecode.c.objc; name = GoodBaseTableViewCell.m; path = GoodTableViewController/GoodBaseTableViewCell.m; sourceTree = "<group>"; };
		D5BC98801CCFBD7C00482C84 /* GoodTableViewSectionObject.h */ = {isa = PBXFileReference; fileEncoding = 4; lastKnownFileType = sourcecode.c.h; name = GoodTableViewSectionObject.h; path = GoodTableViewController/GoodTableViewSectionObject.h; sourceTree = "<group>"; };
		D5BC98811CCFBD7C00482C84 /* GoodTableViewSectionObject.m */ = {isa = PBXFileReference; fileEncoding = 4; lastKnownFileType = sourcecode.c.objc; name = GoodTableViewSectionObject.m; path = GoodTableViewController/GoodTableViewSectionObject.m; sourceTree = "<group>"; };
		D5C8C6521CCCF70D00C6A893 /* GoodTableViewBaseItem.h */ = {isa = PBXFileReference; fileEncoding = 4; lastKnownFileType = sourcecode.c.h; name = GoodTableViewBaseItem.h; path = GoodTableViewController/GoodTableViewBaseItem.h; sourceTree = "<group>"; };
		D5C8C6531CCCF70D00C6A893 /* GoodTableViewBaseItem.m */ = {isa = PBXFileReference; fileEncoding = 4; lastKnownFileType = sourcecode.c.objc; name = GoodTableViewBaseItem.m; path = GoodTableViewController/GoodTableViewBaseItem.m; sourceTree = "<group>"; };
		D5DD05801CC5CFCD0063A26F /* GoodUITableView.app */ = {isa = PBXFileReference; explicitFileType = wrapper.application; includeInIndex = 0; path = GoodUITableView.app; sourceTree = BUILT_PRODUCTS_DIR; };
		D5DD05841CC5CFCD0063A26F /* main.m */ = {isa = PBXFileReference; lastKnownFileType = sourcecode.c.objc; path = main.m; sourceTree = "<group>"; };
		D5DD05861CC5CFCD0063A26F /* AppDelegate.h */ = {isa = PBXFileReference; lastKnownFileType = sourcecode.c.h; path = AppDelegate.h; sourceTree = "<group>"; };
		D5DD05871CC5CFCD0063A26F /* AppDelegate.m */ = {isa = PBXFileReference; lastKnownFileType = sourcecode.c.objc; path = AppDelegate.m; sourceTree = "<group>"; };
		D5DD05891CC5CFCD0063A26F /* ViewController.h */ = {isa = PBXFileReference; lastKnownFileType = sourcecode.c.h; path = ViewController.h; sourceTree = "<group>"; };
		D5DD058A1CC5CFCD0063A26F /* ViewController.m */ = {isa = PBXFileReference; lastKnownFileType = sourcecode.c.objc; path = ViewController.m; sourceTree = "<group>"; };
		D5DD058D1CC5CFCD0063A26F /* Base */ = {isa = PBXFileReference; lastKnownFileType = file.storyboard; name = Base; path = Base.lproj/Main.storyboard; sourceTree = "<group>"; };
		D5DD058F1CC5CFCD0063A26F /* Assets.xcassets */ = {isa = PBXFileReference; lastKnownFileType = folder.assetcatalog; path = Assets.xcassets; sourceTree = "<group>"; };
		D5DD05921CC5CFCD0063A26F /* Base */ = {isa = PBXFileReference; lastKnownFileType = file.storyboard; name = Base; path = Base.lproj/LaunchScreen.storyboard; sourceTree = "<group>"; };
		D5DD05941CC5CFCD0063A26F /* Info.plist */ = {isa = PBXFileReference; lastKnownFileType = text.plist.xml; path = Info.plist; sourceTree = "<group>"; };
		D5DD05991CC5CFCD0063A26F /* GoodUITableViewTests.xctest */ = {isa = PBXFileReference; explicitFileType = wrapper.cfbundle; includeInIndex = 0; path = GoodUITableViewTests.xctest; sourceTree = BUILT_PRODUCTS_DIR; };
		D5DD059D1CC5CFCD0063A26F /* GoodUITableViewTests.m */ = {isa = PBXFileReference; lastKnownFileType = sourcecode.c.objc; path = GoodUITableViewTests.m; sourceTree = "<group>"; };
		D5DD059F1CC5CFCD0063A26F /* Info.plist */ = {isa = PBXFileReference; lastKnownFileType = text.plist.xml; path = Info.plist; sourceTree = "<group>"; };
		D5DD05A41CC5CFCD0063A26F /* GoodUITableViewUITests.xctest */ = {isa = PBXFileReference; explicitFileType = wrapper.cfbundle; includeInIndex = 0; path = GoodUITableViewUITests.xctest; sourceTree = BUILT_PRODUCTS_DIR; };
		D5DD05A81CC5CFCD0063A26F /* GoodUITableViewUITests.m */ = {isa = PBXFileReference; lastKnownFileType = sourcecode.c.objc; path = GoodUITableViewUITests.m; sourceTree = "<group>"; };
		D5DD05AA1CC5CFCD0063A26F /* Info.plist */ = {isa = PBXFileReference; lastKnownFileType = text.plist.xml; path = Info.plist; sourceTree = "<group>"; };
		D5DD05B91CC5D8DA0063A26F /* TableViewDataSource.h */ = {isa = PBXFileReference; fileEncoding = 4; lastKnownFileType = sourcecode.c.h; path = TableViewDataSource.h; sourceTree = "<group>"; };
		D5DD05BA1CC5D8DA0063A26F /* TableViewDataSource.m */ = {isa = PBXFileReference; fileEncoding = 4; lastKnownFileType = sourcecode.c.objc; path = TableViewDataSource.m; sourceTree = "<group>"; };
		D5DFEF8E1CDC51070094B4BC /* GoodTableViewController.h */ = {isa = PBXFileReference; fileEncoding = 4; lastKnownFileType = sourcecode.c.h; name = GoodTableViewController.h; path = GoodTableViewController/GoodTableViewController.h; sourceTree = "<group>"; };
		D5DFEF8F1CDC51070094B4BC /* GoodTableViewController.m */ = {isa = PBXFileReference; fileEncoding = 4; lastKnownFileType = sourcecode.c.objc; name = GoodTableViewController.m; path = GoodTableViewController/GoodTableViewController.m; sourceTree = "<group>"; };
		D5DFEF911CDC515B0094B4BC /* GoodBaseTableView.h */ = {isa = PBXFileReference; fileEncoding = 4; lastKnownFileType = sourcecode.c.h; name = GoodBaseTableView.h; path = GoodTableViewController/GoodBaseTableView.h; sourceTree = "<group>"; };
		D5DFEF921CDC515B0094B4BC /* GoodBaseTableView.m */ = {isa = PBXFileReference; fileEncoding = 4; lastKnownFileType = sourcecode.c.objc; name = GoodBaseTableView.m; path = GoodTableViewController/GoodBaseTableView.m; sourceTree = "<group>"; };
/* End PBXFileReference section */

/* Begin PBXFrameworksBuildPhase section */
		D5DD057D1CC5CFCD0063A26F /* Frameworks */ = {
			isa = PBXFrameworksBuildPhase;
			buildActionMask = 2147483647;
			files = (
			);
			runOnlyForDeploymentPostprocessing = 0;
		};
		D5DD05961CC5CFCD0063A26F /* Frameworks */ = {
			isa = PBXFrameworksBuildPhase;
			buildActionMask = 2147483647;
			files = (
			);
			runOnlyForDeploymentPostprocessing = 0;
		};
		D5DD05A11CC5CFCD0063A26F /* Frameworks */ = {
			isa = PBXFrameworksBuildPhase;
			buildActionMask = 2147483647;
			files = (
			);
			runOnlyForDeploymentPostprocessing = 0;
		};
/* End PBXFrameworksBuildPhase section */

/* Begin PBXGroup section */
		D5C8C6511CCA1B6F00C6A893 /* GoodBaseUITableViewController */ = {
			isa = PBXGroup;
			children = (
				D5C8C6521CCCF70D00C6A893 /* GoodTableViewBaseItem.h */,
				D5C8C6531CCCF70D00C6A893 /* GoodTableViewBaseItem.m */,
				D5BC98801CCFBD7C00482C84 /* GoodTableViewSectionObject.h */,
				D5BC98811CCFBD7C00482C84 /* GoodTableViewSectionObject.m */,
				D58502F01CD9E16E0023B285 /* GoodTableViewDataSource.h */,
				D58502F11CD9E16E0023B285 /* GoodTableViewDataSource.m */,
				D58502F31CD9E86D0023B285 /* GoodBaseTableViewCell.h */,
				D58502F41CD9E86D0023B285 /* GoodBaseTableViewCell.m */,
				D5DFEF8E1CDC51070094B4BC /* GoodTableViewController.h */,
				D5DFEF8F1CDC51070094B4BC /* GoodTableViewController.m */,
				D5DFEF911CDC515B0094B4BC /* GoodBaseTableView.h */,
				D5DFEF921CDC515B0094B4BC /* GoodBaseTableView.m */,
			);
			name = GoodBaseUITableViewController;
			sourceTree = "<group>";
		};
		D5DD05771CC5CFCD0063A26F = {
			isa = PBXGroup;
			children = (
				D5DD05821CC5CFCD0063A26F /* GoodUITableView */,
				D5DD059C1CC5CFCD0063A26F /* GoodUITableViewTests */,
				D5DD05A71CC5CFCD0063A26F /* GoodUITableViewUITests */,
				D5DD05811CC5CFCD0063A26F /* Products */,
			);
			sourceTree = "<group>";
		};
		D5DD05811CC5CFCD0063A26F /* Products */ = {
			isa = PBXGroup;
			children = (
				D5DD05801CC5CFCD0063A26F /* GoodUITableView.app */,
				D5DD05991CC5CFCD0063A26F /* GoodUITableViewTests.xctest */,
				D5DD05A41CC5CFCD0063A26F /* GoodUITableViewUITests.xctest */,
			);
			name = Products;
			sourceTree = "<group>";
		};
		D5DD05821CC5CFCD0063A26F /* GoodUITableView */ = {
			isa = PBXGroup;
			children = (
				D5C8C6511CCA1B6F00C6A893 /* GoodBaseUITableViewController */,
				D5DD05861CC5CFCD0063A26F /* AppDelegate.h */,
				D5DD05871CC5CFCD0063A26F /* AppDelegate.m */,
				D5DD05891CC5CFCD0063A26F /* ViewController.h */,
				D5DD058A1CC5CFCD0063A26F /* ViewController.m */,
				D5DD058C1CC5CFCD0063A26F /* Main.storyboard */,
				D5DD058F1CC5CFCD0063A26F /* Assets.xcassets */,
				D5DD05911CC5CFCD0063A26F /* LaunchScreen.storyboard */,
				D5DD05941CC5CFCD0063A26F /* Info.plist */,
				D5DD05831CC5CFCD0063A26F /* Supporting Files */,
				D5DD05B91CC5D8DA0063A26F /* TableViewDataSource.h */,
				D5DD05BA1CC5D8DA0063A26F /* TableViewDataSource.m */,
			);
			path = GoodUITableView;
			sourceTree = "<group>";
		};
		D5DD05831CC5CFCD0063A26F /* Supporting Files */ = {
			isa = PBXGroup;
			children = (
				D5DD05841CC5CFCD0063A26F /* main.m */,
			);
			name = "Supporting Files";
			sourceTree = "<group>";
		};
		D5DD059C1CC5CFCD0063A26F /* GoodUITableViewTests */ = {
			isa = PBXGroup;
			children = (
				D5DD059D1CC5CFCD0063A26F /* GoodUITableViewTests.m */,
				D5DD059F1CC5CFCD0063A26F /* Info.plist */,
			);
			path = GoodUITableViewTests;
			sourceTree = "<group>";
		};
		D5DD05A71CC5CFCD0063A26F /* GoodUITableViewUITests */ = {
			isa = PBXGroup;
			children = (
				D5DD05A81CC5CFCD0063A26F /* GoodUITableViewUITests.m */,
				D5DD05AA1CC5CFCD0063A26F /* Info.plist */,
			);
			path = GoodUITableViewUITests;
			sourceTree = "<group>";
		};
/* End PBXGroup section */

/* Begin PBXNativeTarget section */
		D5DD057F1CC5CFCD0063A26F /* GoodUITableView */ = {
			isa = PBXNativeTarget;
			buildConfigurationList = D5DD05AD1CC5CFCD0063A26F /* Build configuration list for PBXNativeTarget "GoodUITableView" */;
			buildPhases = (
				D5DD057C1CC5CFCD0063A26F /* Sources */,
				D5DD057D1CC5CFCD0063A26F /* Frameworks */,
				D5DD057E1CC5CFCD0063A26F /* Resources */,
			);
			buildRules = (
			);
			dependencies = (
			);
			name = GoodUITableView;
			productName = GoodUITableView;
			productReference = D5DD05801CC5CFCD0063A26F /* GoodUITableView.app */;
			productType = "com.apple.product-type.application";
		};
		D5DD05981CC5CFCD0063A26F /* GoodUITableViewTests */ = {
			isa = PBXNativeTarget;
			buildConfigurationList = D5DD05B01CC5CFCD0063A26F /* Build configuration list for PBXNativeTarget "GoodUITableViewTests" */;
			buildPhases = (
				D5DD05951CC5CFCD0063A26F /* Sources */,
				D5DD05961CC5CFCD0063A26F /* Frameworks */,
				D5DD05971CC5CFCD0063A26F /* Resources */,
			);
			buildRules = (
			);
			dependencies = (
				D5DD059B1CC5CFCD0063A26F /* PBXTargetDependency */,
			);
			name = GoodUITableViewTests;
			productName = GoodUITableViewTests;
			productReference = D5DD05991CC5CFCD0063A26F /* GoodUITableViewTests.xctest */;
			productType = "com.apple.product-type.bundle.unit-test";
		};
		D5DD05A31CC5CFCD0063A26F /* GoodUITableViewUITests */ = {
			isa = PBXNativeTarget;
			buildConfigurationList = D5DD05B31CC5CFCD0063A26F /* Build configuration list for PBXNativeTarget "GoodUITableViewUITests" */;
			buildPhases = (
				D5DD05A01CC5CFCD0063A26F /* Sources */,
				D5DD05A11CC5CFCD0063A26F /* Frameworks */,
				D5DD05A21CC5CFCD0063A26F /* Resources */,
			);
			buildRules = (
			);
			dependencies = (
				D5DD05A61CC5CFCD0063A26F /* PBXTargetDependency */,
			);
			name = GoodUITableViewUITests;
			productName = GoodUITableViewUITests;
			productReference = D5DD05A41CC5CFCD0063A26F /* GoodUITableViewUITests.xctest */;
			productType = "com.apple.product-type.bundle.ui-testing";
		};
/* End PBXNativeTarget section */

/* Begin PBXProject section */
		D5DD05781CC5CFCD0063A26F /* Project object */ = {
			isa = PBXProject;
			attributes = {
				LastUpgradeCheck = 0730;
				ORGANIZATIONNAME = ByStudio;
				TargetAttributes = {
					D5DD057F1CC5CFCD0063A26F = {
						CreatedOnToolsVersion = 7.3;
					};
					D5DD05981CC5CFCD0063A26F = {
						CreatedOnToolsVersion = 7.3;
						TestTargetID = D5DD057F1CC5CFCD0063A26F;
					};
					D5DD05A31CC5CFCD0063A26F = {
						CreatedOnToolsVersion = 7.3;
						TestTargetID = D5DD057F1CC5CFCD0063A26F;
					};
				};
			};
			buildConfigurationList = D5DD057B1CC5CFCD0063A26F /* Build configuration list for PBXProject "GoodUITableView" */;
			compatibilityVersion = "Xcode 3.2";
			developmentRegion = English;
			hasScannedForEncodings = 0;
			knownRegions = (
				en,
				Base,
			);
			mainGroup = D5DD05771CC5CFCD0063A26F;
			productRefGroup = D5DD05811CC5CFCD0063A26F /* Products */;
			projectDirPath = "";
			projectRoot = "";
			targets = (
				D5DD057F1CC5CFCD0063A26F /* GoodUITableView */,
				D5DD05981CC5CFCD0063A26F /* GoodUITableViewTests */,
				D5DD05A31CC5CFCD0063A26F /* GoodUITableViewUITests */,
			);
		};
/* End PBXProject section */

/* Begin PBXResourcesBuildPhase section */
		D5DD057E1CC5CFCD0063A26F /* Resources */ = {
			isa = PBXResourcesBuildPhase;
			buildActionMask = 2147483647;
			files = (
				D5DD05931CC5CFCD0063A26F /* LaunchScreen.storyboard in Resources */,
				D5DD05901CC5CFCD0063A26F /* Assets.xcassets in Resources */,
				D5DD058E1CC5CFCD0063A26F /* Main.storyboard in Resources */,
			);
			runOnlyForDeploymentPostprocessing = 0;
		};
		D5DD05971CC5CFCD0063A26F /* Resources */ = {
			isa = PBXResourcesBuildPhase;
			buildActionMask = 2147483647;
			files = (
			);
			runOnlyForDeploymentPostprocessing = 0;
		};
		D5DD05A21CC5CFCD0063A26F /* Resources */ = {
			isa = PBXResourcesBuildPhase;
			buildActionMask = 2147483647;
			files = (
			);
			runOnlyForDeploymentPostprocessing = 0;
		};
/* End PBXResourcesBuildPhase section */

/* Begin PBXSourcesBuildPhase section */
		D5DD057C1CC5CFCD0063A26F /* Sources */ = {
			isa = PBXSourcesBuildPhase;
			buildActionMask = 2147483647;
			files = (
				D5C8C6541CCCF70D00C6A893 /* GoodTableViewBaseItem.m in Sources */,
				D5DFEF931CDC515B0094B4BC /* GoodBaseTableView.m in Sources */,
				D58502F51CD9E86D0023B285 /* GoodBaseTableViewCell.m in Sources */,
				D5DFEF901CDC51070094B4BC /* GoodTableViewController.m in Sources */,
				D5DD058B1CC5CFCD0063A26F /* ViewController.m in Sources */,
				D5DD05881CC5CFCD0063A26F /* AppDelegate.m in Sources */,
				D5DD05BB1CC5D8DA0063A26F /* TableViewDataSource.m in Sources */,
				D58502F21CD9E16E0023B285 /* GoodTableViewDataSource.m in Sources */,
				D5DD05851CC5CFCD0063A26F /* main.m in Sources */,
				D5BC98821CCFBD7C00482C84 /* GoodTableViewSectionObject.m in Sources */,
			);
			runOnlyForDeploymentPostprocessing = 0;
		};
		D5DD05951CC5CFCD0063A26F /* Sources */ = {
			isa = PBXSourcesBuildPhase;
			buildActionMask = 2147483647;
			files = (
				D5DD059E1CC5CFCD0063A26F /* GoodUITableViewTests.m in Sources */,
			);
			runOnlyForDeploymentPostprocessing = 0;
		};
		D5DD05A01CC5CFCD0063A26F /* Sources */ = {
			isa = PBXSourcesBuildPhase;
			buildActionMask = 2147483647;
			files = (
				D5DD05A91CC5CFCD0063A26F /* GoodUITableViewUITests.m in Sources */,
			);
			runOnlyForDeploymentPostprocessing = 0;
		};
/* End PBXSourcesBuildPhase section */

/* Begin PBXTargetDependency section */
		D5DD059B1CC5CFCD0063A26F /* PBXTargetDependency */ = {
			isa = PBXTargetDependency;
			target = D5DD057F1CC5CFCD0063A26F /* GoodUITableView */;
			targetProxy = D5DD059A1CC5CFCD0063A26F /* PBXContainerItemProxy */;
		};
		D5DD05A61CC5CFCD0063A26F /* PBXTargetDependency */ = {
			isa = PBXTargetDependency;
			target = D5DD057F1CC5CFCD0063A26F /* GoodUITableView */;
			targetProxy = D5DD05A51CC5CFCD0063A26F /* PBXContainerItemProxy */;
		};
/* End PBXTargetDependency section */

/* Begin PBXVariantGroup section */
		D5DD058C1CC5CFCD0063A26F /* Main.storyboard */ = {
			isa = PBXVariantGroup;
			children = (
				D5DD058D1CC5CFCD0063A26F /* Base */,
			);
			name = Main.storyboard;
			sourceTree = "<group>";
		};
		D5DD05911CC5CFCD0063A26F /* LaunchScreen.storyboard */ = {
			isa = PBXVariantGroup;
			children = (
				D5DD05921CC5CFCD0063A26F /* Base */,
			);
			name = LaunchScreen.storyboard;
			sourceTree = "<group>";
		};
/* End PBXVariantGroup section */

/* Begin XCBuildConfiguration section */
		D5DD05AB1CC5CFCD0063A26F /* Debug */ = {
			isa = XCBuildConfiguration;
			buildSettings = {
				ALWAYS_SEARCH_USER_PATHS = NO;
				CLANG_ANALYZER_NONNULL = YES;
				CLANG_CXX_LANGUAGE_STANDARD = "gnu++0x";
				CLANG_CXX_LIBRARY = "libc++";
				CLANG_ENABLE_MODULES = YES;
				CLANG_ENABLE_OBJC_ARC = YES;
				CLANG_WARN_BOOL_CONVERSION = YES;
				CLANG_WARN_CONSTANT_CONVERSION = YES;
				CLANG_WARN_DIRECT_OBJC_ISA_USAGE = YES_ERROR;
				CLANG_WARN_EMPTY_BODY = YES;
				CLANG_WARN_ENUM_CONVERSION = YES;
				CLANG_WARN_INT_CONVERSION = YES;
				CLANG_WARN_OBJC_ROOT_CLASS = YES_ERROR;
				CLANG_WARN_UNREACHABLE_CODE = YES;
				CLANG_WARN__DUPLICATE_METHOD_MATCH = YES;
				"CODE_SIGN_IDENTITY[sdk=iphoneos*]" = "iPhone Developer";
				COPY_PHASE_STRIP = NO;
				DEBUG_INFORMATION_FORMAT = dwarf;
				ENABLE_STRICT_OBJC_MSGSEND = YES;
				ENABLE_TESTABILITY = YES;
				GCC_C_LANGUAGE_STANDARD = gnu99;
				GCC_DYNAMIC_NO_PIC = NO;
				GCC_NO_COMMON_BLOCKS = YES;
				GCC_OPTIMIZATION_LEVEL = 0;
				GCC_PREPROCESSOR_DEFINITIONS = (
					"DEBUG=1",
					"$(inherited)",
				);
				GCC_WARN_64_TO_32_BIT_CONVERSION = YES;
				GCC_WARN_ABOUT_RETURN_TYPE = YES_ERROR;
				GCC_WARN_UNDECLARED_SELECTOR = YES;
				GCC_WARN_UNINITIALIZED_AUTOS = YES_AGGRESSIVE;
				GCC_WARN_UNUSED_FUNCTION = YES;
				GCC_WARN_UNUSED_VARIABLE = YES;
				IPHONEOS_DEPLOYMENT_TARGET = 9.3;
				MTL_ENABLE_DEBUG_INFO = YES;
				ONLY_ACTIVE_ARCH = YES;
				SDKROOT = iphoneos;
			};
			name = Debug;
		};
		D5DD05AC1CC5CFCD0063A26F /* Release */ = {
			isa = XCBuildConfiguration;
			buildSettings = {
				ALWAYS_SEARCH_USER_PATHS = NO;
				CLANG_ANALYZER_NONNULL = YES;
				CLANG_CXX_LANGUAGE_STANDARD = "gnu++0x";
				CLANG_CXX_LIBRARY = "libc++";
				CLANG_ENABLE_MODULES = YES;
				CLANG_ENABLE_OBJC_ARC = YES;
				CLANG_WARN_BOOL_CONVERSION = YES;
				CLANG_WARN_CONSTANT_CONVERSION = YES;
				CLANG_WARN_DIRECT_OBJC_ISA_USAGE = YES_ERROR;
				CLANG_WARN_EMPTY_BODY = YES;
				CLANG_WARN_ENUM_CONVERSION = YES;
				CLANG_WARN_INT_CONVERSION = YES;
				CLANG_WARN_OBJC_ROOT_CLASS = YES_ERROR;
				CLANG_WARN_UNREACHABLE_CODE = YES;
				CLANG_WARN__DUPLICATE_METHOD_MATCH = YES;
				"CODE_SIGN_IDENTITY[sdk=iphoneos*]" = "iPhone Developer";
				COPY_PHASE_STRIP = NO;
				DEBUG_INFORMATION_FORMAT = "dwarf-with-dsym";
				ENABLE_NS_ASSERTIONS = NO;
				ENABLE_STRICT_OBJC_MSGSEND = YES;
				GCC_C_LANGUAGE_STANDARD = gnu99;
				GCC_NO_COMMON_BLOCKS = YES;
				GCC_WARN_64_TO_32_BIT_CONVERSION = YES;
				GCC_WARN_ABOUT_RETURN_TYPE = YES_ERROR;
				GCC_WARN_UNDECLARED_SELECTOR = YES;
				GCC_WARN_UNINITIALIZED_AUTOS = YES_AGGRESSIVE;
				GCC_WARN_UNUSED_FUNCTION = YES;
				GCC_WARN_UNUSED_VARIABLE = YES;
				IPHONEOS_DEPLOYMENT_TARGET = 9.3;
				MTL_ENABLE_DEBUG_INFO = NO;
				SDKROOT = iphoneos;
				VALIDATE_PRODUCT = YES;
			};
			name = Release;
		};
		D5DD05AE1CC5CFCD0063A26F /* Debug */ = {
			isa = XCBuildConfiguration;
			buildSettings = {
				ASSETCATALOG_COMPILER_APPICON_NAME = AppIcon;
				INFOPLIST_FILE = GoodUITableView/Info.plist;
				LD_RUNPATH_SEARCH_PATHS = "$(inherited) @executable_path/Frameworks";
				PRODUCT_BUNDLE_IDENTIFIER = BS.GoodUITableView;
				PRODUCT_NAME = "$(TARGET_NAME)";
			};
			name = Debug;
		};
		D5DD05AF1CC5CFCD0063A26F /* Release */ = {
			isa = XCBuildConfiguration;
			buildSettings = {
				ASSETCATALOG_COMPILER_APPICON_NAME = AppIcon;
				INFOPLIST_FILE = GoodUITableView/Info.plist;
				LD_RUNPATH_SEARCH_PATHS = "$(inherited) @executable_path/Frameworks";
				PRODUCT_BUNDLE_IDENTIFIER = BS.GoodUITableView;
				PRODUCT_NAME = "$(TARGET_NAME)";
			};
			name = Release;
		};
		D5DD05B11CC5CFCD0063A26F /* Debug */ = {
			isa = XCBuildConfiguration;
			buildSettings = {
				BUNDLE_LOADER = "$(TEST_HOST)";
				INFOPLIST_FILE = GoodUITableViewTests/Info.plist;
				LD_RUNPATH_SEARCH_PATHS = "$(inherited) @executable_path/Frameworks @loader_path/Frameworks";
				PRODUCT_BUNDLE_IDENTIFIER = BS.GoodUITableViewTests;
				PRODUCT_NAME = "$(TARGET_NAME)";
				TEST_HOST = "$(BUILT_PRODUCTS_DIR)/GoodUITableView.app/GoodUITableView";
			};
			name = Debug;
		};
		D5DD05B21CC5CFCD0063A26F /* Release */ = {
			isa = XCBuildConfiguration;
			buildSettings = {
				BUNDLE_LOADER = "$(TEST_HOST)";
				INFOPLIST_FILE = GoodUITableViewTests/Info.plist;
				LD_RUNPATH_SEARCH_PATHS = "$(inherited) @executable_path/Frameworks @loader_path/Frameworks";
				PRODUCT_BUNDLE_IDENTIFIER = BS.GoodUITableViewTests;
				PRODUCT_NAME = "$(TARGET_NAME)";
				TEST_HOST = "$(BUILT_PRODUCTS_DIR)/GoodUITableView.app/GoodUITableView";
			};
			name = Release;
		};
		D5DD05B41CC5CFCD0063A26F /* Debug */ = {
			isa = XCBuildConfiguration;
			buildSettings = {
				INFOPLIST_FILE = GoodUITableViewUITests/Info.plist;
				LD_RUNPATH_SEARCH_PATHS = "$(inherited) @executable_path/Frameworks @loader_path/Frameworks";
				PRODUCT_BUNDLE_IDENTIFIER = BS.GoodUITableViewUITests;
				PRODUCT_NAME = "$(TARGET_NAME)";
				TEST_TARGET_NAME = GoodUITableView;
			};
			name = Debug;
		};
		D5DD05B51CC5CFCD0063A26F /* Release */ = {
			isa = XCBuildConfiguration;
			buildSettings = {
				INFOPLIST_FILE = GoodUITableViewUITests/Info.plist;
				LD_RUNPATH_SEARCH_PATHS = "$(inherited) @executable_path/Frameworks @loader_path/Frameworks";
				PRODUCT_BUNDLE_IDENTIFIER = BS.GoodUITableViewUITests;
				PRODUCT_NAME = "$(TARGET_NAME)";
				TEST_TARGET_NAME = GoodUITableView;
			};
			name = Release;
		};
/* End XCBuildConfiguration section */

/* Begin XCConfigurationList section */
		D5DD057B1CC5CFCD0063A26F /* Build configuration list for PBXProject "GoodUITableView" */ = {
			isa = XCConfigurationList;
			buildConfigurations = (
				D5DD05AB1CC5CFCD0063A26F /* Debug */,
				D5DD05AC1CC5CFCD0063A26F /* Release */,
			);
			defaultConfigurationIsVisible = 0;
			defaultConfigurationName = Release;
		};
		D5DD05AD1CC5CFCD0063A26F /* Build configuration list for PBXNativeTarget "GoodUITableView" */ = {
			isa = XCConfigurationList;
			buildConfigurations = (
				D5DD05AE1CC5CFCD0063A26F /* Debug */,
				D5DD05AF1CC5CFCD0063A26F /* Release */,
			);
			defaultConfigurationIsVisible = 0;
			defaultConfigurationName = Release;
		};
		D5DD05B01CC5CFCD0063A26F /* Build configuration list for PBXNativeTarget "GoodUITableViewTests" */ = {
			isa = XCConfigurationList;
			buildConfigurations = (
				D5DD05B11CC5CFCD0063A26F /* Debug */,
				D5DD05B21CC5CFCD0063A26F /* Release */,
			);
			defaultConfigurationIsVisible = 0;
			defaultConfigurationName = Release;
		};
		D5DD05B31CC5CFCD0063A26F /* Build configuration list for PBXNativeTarget "GoodUITableViewUITests" */ = {
			isa = XCConfigurationList;
			buildConfigurations = (
				D5DD05B41CC5CFCD0063A26F /* Debug */,
				D5DD05B51CC5CFCD0063A26F /* Release */,
			);
			defaultConfigurationIsVisible = 0;
			defaultConfigurationName = Release;
		};
/* End XCConfigurationList section */
	};
	rootObject = D5DD05781CC5CFCD0063A26F /* Project object */;
}
